
Microsoft Visual Studio Solution File, Format Version 12.00
# Visual Studio Version 17
VisualStudioVersion = 17.11.35222.181
MinimumVisualStudioVersion = 10.0.40219.1
Project("{2150E333-8FDC-42A3-9474-1A3956D46DE8}") = "Src", "Src", "{29838AAB-DEBB-4096-AFE2-D00E66162B9D}"
EndProject
Project("{2150E333-8FDC-42A3-9474-1A3956D46DE8}") = "Doc", "Doc", "{09B04329-1943-4EC6-9B07-910D753B66C6}"
EndProject
Project("{2150E333-8FDC-42A3-9474-1A3956D46DE8}") = "Test", "Test", "{43133D89-2B84-4D56-BEC3-39DB852D29E7}"
EndProject
Project("{2150E333-8FDC-42A3-9474-1A3956D46DE8}") = "Core", "Core", "{BCDCDA8B-2E6A-4091-B386-F85FA06CC4FD}"
EndProject
Project("{2150E333-8FDC-42A3-9474-1A3956D46DE8}") = "Infrastructure", "Infrastructure", "{B7C8A2C6-1199-4F8F-B07A-CE96C5232C5A}"
EndProject
Project("{2150E333-8FDC-42A3-9474-1A3956D46DE8}") = "Presentation", "Presentation", "{5BBC0C5A-E08C-4727-A9F5-1E2B9C458724}"
EndProject
Project("{2150E333-8FDC-42A3-9474-1A3956D46DE8}") = "Common", "Common", "{5F067655-9B34-42DF-A4A4-D1CA1A391915}"
EndProject
Project("{FAE04EC0-301F-11D3-BF4B-00C04F79EFBC}") = "OnlineShop.Domain", "OnlineShop.Domain\OnlineShop.Domain.csproj", "{8058A12D-52E6-43E3-A20F-15922D940CAC}"
EndProject
Project("{FAE04EC0-301F-11D3-BF4B-00C04F79EFBC}") = "OnlineShop.Application", "OnlineShop.Application\OnlineShop.Application.csproj", "{AE7829A2-95DC-4F62-9DC2-57E061A595BC}"
EndProject
Project("{FAE04EC0-301F-11D3-BF4B-00C04F79EFBC}") = "OnlineShop.Infrastructure", "OnlineShop.Infrastructure\OnlineShop.Infrastructure.csproj", "{D9CDAEF2-F698-4FC6-930A-32DBD0A3EC86}"
EndProject
Project("{FAE04EC0-301F-11D3-BF4B-00C04F79EFBC}") = "OnlineShop.Persistence", "OnlineShop.Persistence\OnlineShop.Persistence.csproj", "{D18D56FA-BC5A-47A4-B7F5-951343BFBCAC}"
EndProject
Project("{FAE04EC0-301F-11D3-BF4B-00C04F79EFBC}") = "OnlineShop.Common", "OnlineShop.Common\OnlineShop.Common.csproj", "{1F029AEB-53FA-492F-9D9F-EDE387168CA6}"
EndProject
Project("{FAE04EC0-301F-11D3-BF4B-00C04F79EFBC}") = "EndPoint.Shop", "EndPoint.Shop\EndPoint.Shop.csproj", "{883DB628-7C05-47CB-A38A-37A9AA6FFF50}"
EndProject
Global
	GlobalSection(SolutionConfigurationPlatforms) = preSolution
		Debug|Any CPU = Debug|Any CPU
		Release|Any CPU = Release|Any CPU
	EndGlobalSection
	GlobalSection(ProjectConfigurationPlatforms) = postSolution
		{8058A12D-52E6-43E3-A20F-15922D940CAC}.Debug|Any CPU.ActiveCfg = Debug|Any CPU
		{8058A12D-52E6-43E3-A20F-15922D940CAC}.Debug|Any CPU.Build.0 = Debug|Any CPU
		{8058A12D-52E6-43E3-A20F-15922D940CAC}.Release|Any CPU.ActiveCfg = Release|Any CPU
		{8058A12D-52E6-43E3-A20F-15922D940CAC}.Release|Any CPU.Build.0 = Release|Any CPU
		{AE7829A2-95DC-4F62-9DC2-57E061A595BC}.Debug|Any CPU.ActiveCfg = Debug|Any CPU
		{AE7829A2-95DC-4F62-9DC2-57E061A595BC}.Debug|Any CPU.Build.0 = Debug|Any CPU
		{AE7829A2-95DC-4F62-9DC2-57E061A595BC}.Release|Any CPU.ActiveCfg = Release|Any CPU
		{AE7829A2-95DC-4F62-9DC2-57E061A595BC}.Release|Any CPU.Build.0 = Release|Any CPU
		{D9CDAEF2-F698-4FC6-930A-32DBD0A3EC86}.Debug|Any CPU.ActiveCfg = Debug|Any CPU
		{D9CDAEF2-F698-4FC6-930A-32DBD0A3EC86}.Debug|Any CPU.Build.0 = Debug|Any CPU
		{D9CDAEF2-F698-4FC6-930A-32DBD0A3EC86}.Release|Any CPU.ActiveCfg = Release|Any CPU
		{D9CDAEF2-F698-4FC6-930A-32DBD0A3EC86}.Release|Any CPU.Build.0 = Release|Any CPU
		{D18D56FA-BC5A-47A4-B7F5-951343BFBCAC}.Debug|Any CPU.ActiveCfg = Debug|Any CPU
		{D18D56FA-BC5A-47A4-B7F5-951343BFBCAC}.Debug|Any CPU.Build.0 = Debug|Any CPU
		{D18D56FA-BC5A-47A4-B7F5-951343BFBCAC}.Release|Any CPU.ActiveCfg = Release|Any CPU
		{D18D56FA-BC5A-47A4-B7F5-951343BFBCAC}.Release|Any CPU.Build.0 = Release|Any CPU
		{1F029AEB-53FA-492F-9D9F-EDE387168CA6}.Debug|Any CPU.ActiveCfg = Debug|Any CPU
		{1F029AEB-53FA-492F-9D9F-EDE387168CA6}.Debug|Any CPU.Build.0 = Debug|Any CPU
		{1F029AEB-53FA-492F-9D9F-EDE387168CA6}.Release|Any CPU.ActiveCfg = Release|Any CPU
		{1F029AEB-53FA-492F-9D9F-EDE387168CA6}.Release|Any CPU.Build.0 = Release|Any CPU
		{883DB628-7C05-47CB-A38A-37A9AA6FFF50}.Debug|Any CPU.ActiveCfg = Debug|Any CPU
		{883DB628-7C05-47CB-A38A-37A9AA6FFF50}.Debug|Any CPU.Build.0 = Debug|Any CPU
		{883DB628-7C05-47CB-A38A-37A9AA6FFF50}.Release|Any CPU.ActiveCfg = Release|Any CPU
		{883DB628-7C05-47CB-A38A-37A9AA6FFF50}.Release|Any CPU.Build.0 = Release|Any CPU
	EndGlobalSection
	GlobalSection(SolutionProperties) = preSolution
		HideSolutionNode = FALSE
	EndGlobalSection
	GlobalSection(NestedProjects) = preSolution
		{BCDCDA8B-2E6A-4091-B386-F85FA06CC4FD} = {29838AAB-DEBB-4096-AFE2-D00E66162B9D}
		{B7C8A2C6-1199-4F8F-B07A-CE96C5232C5A} = {29838AAB-DEBB-4096-AFE2-D00E66162B9D}
		{5BBC0C5A-E08C-4727-A9F5-1E2B9C458724} = {29838AAB-DEBB-4096-AFE2-D00E66162B9D}
		{5F067655-9B34-42DF-A4A4-D1CA1A391915} = {29838AAB-DEBB-4096-AFE2-D00E66162B9D}
		{8058A12D-52E6-43E3-A20F-15922D940CAC} = {BCDCDA8B-2E6A-4091-B386-F85FA06CC4FD}
		{AE7829A2-95DC-4F62-9DC2-57E061A595BC} = {BCDCDA8B-2E6A-4091-B386-F85FA06CC4FD}
		{D9CDAEF2-F698-4FC6-930A-32DBD0A3EC86} = {B7C8A2C6-1199-4F8F-B07A-CE96C5232C5A}
		{D18D56FA-BC5A-47A4-B7F5-951343BFBCAC} = {B7C8A2C6-1199-4F8F-B07A-CE96C5232C5A}
		{1F029AEB-53FA-492F-9D9F-EDE387168CA6} = {5F067655-9B34-42DF-A4A4-D1CA1A391915}
		{883DB628-7C05-47CB-A38A-37A9AA6FFF50} = {5BBC0C5A-E08C-4727-A9F5-1E2B9C458724}
	EndGlobalSection
	GlobalSection(ExtensibilityGlobals) = postSolution
		SolutionGuid = {1A0CB49F-7E0F-4ED7-83E0-172FAA923128}
	EndGlobalSection
EndGlobal
